
Microsoft Visual Studio Solution File, Format Version 12.00
# Visual Studio 15
VisualStudioVersion = 15.0.28307.1022
MinimumVisualStudioVersion = 10.0.40219.1
Project("{FAE04EC0-301F-11D3-BF4B-00C04F79EFBC}") = "Exercicio3", "Exercicio3\Exercicio3.csproj", "{1BE337F8-8A7F-477E-B8CC-3D76470690D8}"
EndProject
Global
	GlobalSection(SolutionConfigurationPlatforms) = preSolution
		Debug|Any CPU = Debug|Any CPU
		Release|Any CPU = Release|Any CPU
	EndGlobalSection
	GlobalSection(ProjectConfigurationPlatforms) = postSolution
		{1BE337F8-8A7F-477E-B8CC-3D76470690D8}.Debug|Any CPU.ActiveCfg = Debug|Any CPU
		{1BE337F8-8A7F-477E-B8CC-3D76470690D8}.Debug|Any CPU.Build.0 = Debug|Any CPU
		{1BE337F8-8A7F-477E-B8CC-3D76470690D8}.Release|Any CPU.ActiveCfg = Release|Any CPU
		{1BE337F8-8A7F-477E-B8CC-3D76470690D8}.Release|Any CPU.Build.0 = Release|Any CPU
	EndGlobalSection
	GlobalSection(SolutionProperties) = preSolution
		HideSolutionNode = FALSE
	EndGlobalSection
	GlobalSection(ExtensibilityGlobals) = postSolution
		SolutionGuid = {0C1CC990-AE07-49C2-B581-1DCC08AC17E8}
	EndGlobalSection
EndGlobal
