
Microsoft Visual Studio Solution File, Format Version 12.00
# Visual Studio 15
VisualStudioVersion = 15.0.28307.421
MinimumVisualStudioVersion = 10.0.40219.1
Project("{FAE04EC0-301F-11D3-BF4B-00C04F79EFBC}") = "Exercicio 1 - Teste Unitario", "Exercicio 1 - Teste Unitario\Exercicio 1 - Teste Unitario.csproj", "{321ADD62-9CAB-4BB6-822A-20E20079A709}"
EndProject
Project("{FAE04EC0-301F-11D3-BF4B-00C04F79EFBC}") = "UnitTestProject1", "UnitTestProject1\UnitTestProject1.csproj", "{92470833-36D7-4D0A-8054-507BE1FCF71A}"
	ProjectSection(ProjectDependencies) = postProject
		{321ADD62-9CAB-4BB6-822A-20E20079A709} = {321ADD62-9CAB-4BB6-822A-20E20079A709}
	EndProjectSection
EndProject
Global
	GlobalSection(SolutionConfigurationPlatforms) = preSolution
		Debug|Any CPU = Debug|Any CPU
		Release|Any CPU = Release|Any CPU
	EndGlobalSection
	GlobalSection(ProjectConfigurationPlatforms) = postSolution
		{321ADD62-9CAB-4BB6-822A-20E20079A709}.Debug|Any CPU.ActiveCfg = Debug|Any CPU
		{321ADD62-9CAB-4BB6-822A-20E20079A709}.Debug|Any CPU.Build.0 = Debug|Any CPU
		{321ADD62-9CAB-4BB6-822A-20E20079A709}.Release|Any CPU.ActiveCfg = Release|Any CPU
		{321ADD62-9CAB-4BB6-822A-20E20079A709}.Release|Any CPU.Build.0 = Release|Any CPU
		{92470833-36D7-4D0A-8054-507BE1FCF71A}.Debug|Any CPU.ActiveCfg = Debug|Any CPU
		{92470833-36D7-4D0A-8054-507BE1FCF71A}.Debug|Any CPU.Build.0 = Debug|Any CPU
		{92470833-36D7-4D0A-8054-507BE1FCF71A}.Release|Any CPU.ActiveCfg = Release|Any CPU
		{92470833-36D7-4D0A-8054-507BE1FCF71A}.Release|Any CPU.Build.0 = Release|Any CPU
	EndGlobalSection
	GlobalSection(SolutionProperties) = preSolution
		HideSolutionNode = FALSE
	EndGlobalSection
	GlobalSection(ExtensibilityGlobals) = postSolution
		SolutionGuid = {1434E298-A827-439E-BAF9-93B2C0BD4183}
	EndGlobalSection
EndGlobal
